{
  "name": "iximi-legacy",
  "version": "0.1.0",
  "lockfileVersion": 3,
  "requires": true,
  "packages": {
    "": {
      "name": "iximi-legacy",
      "version": "0.1.0",
      "license": "MIT",
      "dependencies": {},
      "devDependencies": {},
      "engines": {
        "node": ">=16.0.0",
        "npm": ">=7.0.0"
      }
    }
  }
}
