# THIS IS AN AUTOGENERATED FILE. DO NOT EDIT THIS FILE DIRECTLY.
# yarn lockfile v1

iximi-legacy@0.1.0:
  version "0.1.0"
  resolved "https://registry.npmjs.org/iximi-legacy/-/iximi-legacy-0.1.0.tgz"
  integrity sha512-EXAMPLE-FOR-YARN-LOCKFILE

"@types/node@*":
  version "20.0.0"
  resolved "https://registry.npmjs.org/@types/node/-/node-20.0.0.tgz"
  integrity sha512-EXAMPLE

typescript@*:
  version "5.0.0"
  resolved "https://registry.npmjs.org/typescript/-/typescript-5.0.0.tgz"
  integrity sha512-EXAMPLE
